
Microsoft Visual Studio Solution File, Format Version 12.00
Project("{FAE04EC0-301F-11D3-BF4B-00C04F79EFBC}") = "LAB14-Mijael_Juy", "LAB14-Mijael_Juy\LAB14-Mijael_Juy.csproj", "{D1C8B1CC-8B7F-477B-9D31-C5E8BCAB1D7F}"
EndProject
Global
	GlobalSection(SolutionConfigurationPlatforms) = preSolution
		Debug|Any CPU = Debug|Any CPU
		Release|Any CPU = Release|Any CPU
	EndGlobalSection
	GlobalSection(ProjectConfigurationPlatforms) = postSolution
		{D1C8B1CC-8B7F-477B-9D31-C5E8BCAB1D7F}.Debug|Any CPU.ActiveCfg = Debug|Any CPU
		{D1C8B1CC-8B7F-477B-9D31-C5E8BCAB1D7F}.Debug|Any CPU.Build.0 = Debug|Any CPU
		{D1C8B1CC-8B7F-477B-9D31-C5E8BCAB1D7F}.Release|Any CPU.ActiveCfg = Release|Any CPU
		{D1C8B1CC-8B7F-477B-9D31-C5E8BCAB1D7F}.Release|Any CPU.Build.0 = Release|Any CPU
	EndGlobalSection
EndGlobal
